
Microsoft Visual Studio Solution File, Format Version 12.00
# Visual Studio Version 17
VisualStudioVersion = 17.14.37111.16
MinimumVisualStudioVersion = 10.0.40219.1
Project("{FAE04EC0-301F-11D3-BF4B-00C04F79EFBC}") = "01.Train", "01.Train\01.Train.csproj", "{5CB573C5-CCA8-4D25-9FA9-85B6D0B355D8}"
EndProject
Project("{FAE04EC0-301F-11D3-BF4B-00C04F79EFBC}") = "01.Train.v2", "01.Train.v2\01.Train.v2.csproj", "{BE3A689A-23AE-4E84-A1AD-1DF7A06E39BE}"
EndProject
Project("{FAE04EC0-301F-11D3-BF4B-00C04F79EFBC}") = "02.CommonElements", "02.CommonElements\02.CommonElements.csproj", "{EBD7DC6F-F77B-4E12-A5DB-BB01F0550752}"
EndProject
Project("{FAE04EC0-301F-11D3-BF4B-00C04F79EFBC}") = "02.CommonElements.v2", "02.CommonElements.v2\02.CommonElements.v2.csproj", "{6997D383-E195-4D06-841D-B2886FC58676}"
EndProject
Project("{FAE04EC0-301F-11D3-BF4B-00C04F79EFBC}") = "03.Zig-ZagArrays", "03.Zig-ZagArrays\03.Zig-ZagArrays.csproj", "{68915B5E-8A77-426D-B1F0-50746C46680C}"
EndProject
Project("{FAE04EC0-301F-11D3-BF4B-00C04F79EFBC}") = "04.ArrayRotation", "04.ArrayRotation\04.ArrayRotation.csproj", "{CE01887A-D4D2-4409-8A20-CDE66D663BB5}"
EndProject
Project("{FAE04EC0-301F-11D3-BF4B-00C04F79EFBC}") = "05.TopIntegers", "05.TopIntegers\05.TopIntegers.csproj", "{0CDB4341-9666-4CC3-8BE2-DF2FF338332A}"
EndProject
Project("{FAE04EC0-301F-11D3-BF4B-00C04F79EFBC}") = "06.EqualSum", "06.Equal Sum\06.EqualSum.csproj", "{10FE882B-03B2-4C37-B890-559F434FAA1E}"
EndProject
Project("{FAE04EC0-301F-11D3-BF4B-00C04F79EFBC}") = "06.EqualSum.v2", "06.EqualSum.v2\06.EqualSum.v2.csproj", "{76FC3C15-EBA0-40E4-8B70-DCD86A8AA8FB}"
EndProject
Project("{FAE04EC0-301F-11D3-BF4B-00C04F79EFBC}") = "07.MaxSequenceOfEqualElements", "07.MaxSequenceOfEqualElements\07.MaxSequenceOfEqualElements.csproj", "{58B59B2B-BDE5-473A-BEB3-EF7C78C7FCCF}"
EndProject
Project("{FAE04EC0-301F-11D3-BF4B-00C04F79EFBC}") = "08.MagicSum", "08.MagicSum\08.MagicSum.csproj", "{D77373C5-8142-4C11-B5FA-E155809FD37A}"
EndProject
Project("{FAE04EC0-301F-11D3-BF4B-00C04F79EFBC}") = "10.Ladybugs", "10.Ladybugs\10.Ladybugs.csproj", "{0D333C57-ECC3-4BC4-B936-7CF0577B27B3}"
EndProject
Project("{FAE04EC0-301F-11D3-BF4B-00C04F79EFBC}") = "10.Ladybugs.v2", "10.Ladybugs.v2\10.Ladybugs.v2.csproj", "{D7615209-BFB2-4382-B7A5-180B45171C1E}"
EndProject
Global
	GlobalSection(SolutionConfigurationPlatforms) = preSolution
		Debug|Any CPU = Debug|Any CPU
		Release|Any CPU = Release|Any CPU
	EndGlobalSection
	GlobalSection(ProjectConfigurationPlatforms) = postSolution
		{5CB573C5-CCA8-4D25-9FA9-85B6D0B355D8}.Debug|Any CPU.ActiveCfg = Debug|Any CPU
		{5CB573C5-CCA8-4D25-9FA9-85B6D0B355D8}.Debug|Any CPU.Build.0 = Debug|Any CPU
		{5CB573C5-CCA8-4D25-9FA9-85B6D0B355D8}.Release|Any CPU.ActiveCfg = Release|Any CPU
		{5CB573C5-CCA8-4D25-9FA9-85B6D0B355D8}.Release|Any CPU.Build.0 = Release|Any CPU
		{BE3A689A-23AE-4E84-A1AD-1DF7A06E39BE}.Debug|Any CPU.ActiveCfg = Debug|Any CPU
		{BE3A689A-23AE-4E84-A1AD-1DF7A06E39BE}.Debug|Any CPU.Build.0 = Debug|Any CPU
		{BE3A689A-23AE-4E84-A1AD-1DF7A06E39BE}.Release|Any CPU.ActiveCfg = Release|Any CPU
		{BE3A689A-23AE-4E84-A1AD-1DF7A06E39BE}.Release|Any CPU.Build.0 = Release|Any CPU
		{EBD7DC6F-F77B-4E12-A5DB-BB01F0550752}.Debug|Any CPU.ActiveCfg = Debug|Any CPU
		{EBD7DC6F-F77B-4E12-A5DB-BB01F0550752}.Debug|Any CPU.Build.0 = Debug|Any CPU
		{EBD7DC6F-F77B-4E12-A5DB-BB01F0550752}.Release|Any CPU.ActiveCfg = Release|Any CPU
		{EBD7DC6F-F77B-4E12-A5DB-BB01F0550752}.Release|Any CPU.Build.0 = Release|Any CPU
		{6997D383-E195-4D06-841D-B2886FC58676}.Debug|Any CPU.ActiveCfg = Debug|Any CPU
		{6997D383-E195-4D06-841D-B2886FC58676}.Debug|Any CPU.Build.0 = Debug|Any CPU
		{6997D383-E195-4D06-841D-B2886FC58676}.Release|Any CPU.ActiveCfg = Release|Any CPU
		{6997D383-E195-4D06-841D-B2886FC58676}.Release|Any CPU.Build.0 = Release|Any CPU
		{68915B5E-8A77-426D-B1F0-50746C46680C}.Debug|Any CPU.ActiveCfg = Debug|Any CPU
		{68915B5E-8A77-426D-B1F0-50746C46680C}.Debug|Any CPU.Build.0 = Debug|Any CPU
		{68915B5E-8A77-426D-B1F0-50746C46680C}.Release|Any CPU.ActiveCfg = Release|Any CPU
		{68915B5E-8A77-426D-B1F0-50746C46680C}.Release|Any CPU.Build.0 = Release|Any CPU
		{CE01887A-D4D2-4409-8A20-CDE66D663BB5}.Debug|Any CPU.ActiveCfg = Debug|Any CPU
		{CE01887A-D4D2-4409-8A20-CDE66D663BB5}.Debug|Any CPU.Build.0 = Debug|Any CPU
		{CE01887A-D4D2-4409-8A20-CDE66D663BB5}.Release|Any CPU.ActiveCfg = Release|Any CPU
		{CE01887A-D4D2-4409-8A20-CDE66D663BB5}.Release|Any CPU.Build.0 = Release|Any CPU
		{0CDB4341-9666-4CC3-8BE2-DF2FF338332A}.Debug|Any CPU.ActiveCfg = Debug|Any CPU
		{0CDB4341-9666-4CC3-8BE2-DF2FF338332A}.Debug|Any CPU.Build.0 = Debug|Any CPU
		{0CDB4341-9666-4CC3-8BE2-DF2FF338332A}.Release|Any CPU.ActiveCfg = Release|Any CPU
		{0CDB4341-9666-4CC3-8BE2-DF2FF338332A}.Release|Any CPU.Build.0 = Release|Any CPU
		{10FE882B-03B2-4C37-B890-559F434FAA1E}.Debug|Any CPU.ActiveCfg = Debug|Any CPU
		{10FE882B-03B2-4C37-B890-559F434FAA1E}.Debug|Any CPU.Build.0 = Debug|Any CPU
		{10FE882B-03B2-4C37-B890-559F434FAA1E}.Release|Any CPU.ActiveCfg = Release|Any CPU
		{10FE882B-03B2-4C37-B890-559F434FAA1E}.Release|Any CPU.Build.0 = Release|Any CPU
		{76FC3C15-EBA0-40E4-8B70-DCD86A8AA8FB}.Debug|Any CPU.ActiveCfg = Debug|Any CPU
		{76FC3C15-EBA0-40E4-8B70-DCD86A8AA8FB}.Debug|Any CPU.Build.0 = Debug|Any CPU
		{76FC3C15-EBA0-40E4-8B70-DCD86A8AA8FB}.Release|Any CPU.ActiveCfg = Release|Any CPU
		{76FC3C15-EBA0-40E4-8B70-DCD86A8AA8FB}.Release|Any CPU.Build.0 = Release|Any CPU
		{58B59B2B-BDE5-473A-BEB3-EF7C78C7FCCF}.Debug|Any CPU.ActiveCfg = Debug|Any CPU
		{58B59B2B-BDE5-473A-BEB3-EF7C78C7FCCF}.Debug|Any CPU.Build.0 = Debug|Any CPU
		{58B59B2B-BDE5-473A-BEB3-EF7C78C7FCCF}.Release|Any CPU.ActiveCfg = Release|Any CPU
		{58B59B2B-BDE5-473A-BEB3-EF7C78C7FCCF}.Release|Any CPU.Build.0 = Release|Any CPU
		{D77373C5-8142-4C11-B5FA-E155809FD37A}.Debug|Any CPU.ActiveCfg = Debug|Any CPU
		{D77373C5-8142-4C11-B5FA-E155809FD37A}.Debug|Any CPU.Build.0 = Debug|Any CPU
		{D77373C5-8142-4C11-B5FA-E155809FD37A}.Release|Any CPU.ActiveCfg = Release|Any CPU
		{D77373C5-8142-4C11-B5FA-E155809FD37A}.Release|Any CPU.Build.0 = Release|Any CPU
		{0D333C57-ECC3-4BC4-B936-7CF0577B27B3}.Debug|Any CPU.ActiveCfg = Debug|Any CPU
		{0D333C57-ECC3-4BC4-B936-7CF0577B27B3}.Debug|Any CPU.Build.0 = Debug|Any CPU
		{0D333C57-ECC3-4BC4-B936-7CF0577B27B3}.Release|Any CPU.ActiveCfg = Release|Any CPU
		{0D333C57-ECC3-4BC4-B936-7CF0577B27B3}.Release|Any CPU.Build.0 = Release|Any CPU
		{D7615209-BFB2-4382-B7A5-180B45171C1E}.Debug|Any CPU.ActiveCfg = Debug|Any CPU
		{D7615209-BFB2-4382-B7A5-180B45171C1E}.Debug|Any CPU.Build.0 = Debug|Any CPU
		{D7615209-BFB2-4382-B7A5-180B45171C1E}.Release|Any CPU.ActiveCfg = Release|Any CPU
		{D7615209-BFB2-4382-B7A5-180B45171C1E}.Release|Any CPU.Build.0 = Release|Any CPU
	EndGlobalSection
	GlobalSection(SolutionProperties) = preSolution
		HideSolutionNode = FALSE
	EndGlobalSection
	GlobalSection(ExtensibilityGlobals) = postSolution
		SolutionGuid = {BEF5B458-50AF-4CF8-8C1C-52CF69E0F319}
	EndGlobalSection
EndGlobal
