
Microsoft Visual Studio Solution File, Format Version 12.00
# Visual Studio Version 17
VisualStudioVersion = 17.14.37203.1 d17.14
MinimumVisualStudioVersion = 10.0.40219.1
Project("{FAE04EC0-301F-11D3-BF4B-00C04F79EFBC}") = "01.CountCharsInAString", "01.CountCharsInAString\01.CountCharsInAString.csproj", "{1DA18EBC-EAA4-4E7C-B9BF-01325C792FC9}"
EndProject
Project("{FAE04EC0-301F-11D3-BF4B-00C04F79EFBC}") = "02.AMinerTask", "02.AMinerTask\02.AMinerTask.csproj", "{B4EB6045-9103-436C-A29F-7FFFF5CAC4FA}"
EndProject
Project("{FAE04EC0-301F-11D3-BF4B-00C04F79EFBC}") = "03.Orders", "03.Orders\03.Orders.csproj", "{63C59A70-85E7-4AAA-931C-547A38BE8DC9}"
EndProject
Project("{FAE04EC0-301F-11D3-BF4B-00C04F79EFBC}") = "04.SoftUniParking", "04.SoftUniParking\04.SoftUniParking.csproj", "{292091E3-5ACA-4C17-89FF-AF218DDD364A}"
EndProject
Project("{FAE04EC0-301F-11D3-BF4B-00C04F79EFBC}") = "05. Courses", "05. Courses\05. Courses.csproj", "{C5A3EA2B-638E-4E4F-836E-360427304514}"
EndProject
Project("{FAE04EC0-301F-11D3-BF4B-00C04F79EFBC}") = "06.StudentAcademy", "06.StudentAcademy\06.StudentAcademy.csproj", "{4B0D0220-9FA9-414C-A82C-2921BF8A6E88}"
EndProject
Project("{FAE04EC0-301F-11D3-BF4B-00C04F79EFBC}") = "07.CompanyUsers", "07.CompanyUsers\07.CompanyUsers.csproj", "{156A7059-C7F6-4B6D-B4CB-B97A44261ECE}"
EndProject
Global
	GlobalSection(SolutionConfigurationPlatforms) = preSolution
		Debug|Any CPU = Debug|Any CPU
		Release|Any CPU = Release|Any CPU
	EndGlobalSection
	GlobalSection(ProjectConfigurationPlatforms) = postSolution
		{1DA18EBC-EAA4-4E7C-B9BF-01325C792FC9}.Debug|Any CPU.ActiveCfg = Debug|Any CPU
		{1DA18EBC-EAA4-4E7C-B9BF-01325C792FC9}.Debug|Any CPU.Build.0 = Debug|Any CPU
		{1DA18EBC-EAA4-4E7C-B9BF-01325C792FC9}.Release|Any CPU.ActiveCfg = Release|Any CPU
		{1DA18EBC-EAA4-4E7C-B9BF-01325C792FC9}.Release|Any CPU.Build.0 = Release|Any CPU
		{B4EB6045-9103-436C-A29F-7FFFF5CAC4FA}.Debug|Any CPU.ActiveCfg = Debug|Any CPU
		{B4EB6045-9103-436C-A29F-7FFFF5CAC4FA}.Debug|Any CPU.Build.0 = Debug|Any CPU
		{B4EB6045-9103-436C-A29F-7FFFF5CAC4FA}.Release|Any CPU.ActiveCfg = Release|Any CPU
		{B4EB6045-9103-436C-A29F-7FFFF5CAC4FA}.Release|Any CPU.Build.0 = Release|Any CPU
		{63C59A70-85E7-4AAA-931C-547A38BE8DC9}.Debug|Any CPU.ActiveCfg = Debug|Any CPU
		{63C59A70-85E7-4AAA-931C-547A38BE8DC9}.Debug|Any CPU.Build.0 = Debug|Any CPU
		{63C59A70-85E7-4AAA-931C-547A38BE8DC9}.Release|Any CPU.ActiveCfg = Release|Any CPU
		{63C59A70-85E7-4AAA-931C-547A38BE8DC9}.Release|Any CPU.Build.0 = Release|Any CPU
		{292091E3-5ACA-4C17-89FF-AF218DDD364A}.Debug|Any CPU.ActiveCfg = Debug|Any CPU
		{292091E3-5ACA-4C17-89FF-AF218DDD364A}.Debug|Any CPU.Build.0 = Debug|Any CPU
		{292091E3-5ACA-4C17-89FF-AF218DDD364A}.Release|Any CPU.ActiveCfg = Release|Any CPU
		{292091E3-5ACA-4C17-89FF-AF218DDD364A}.Release|Any CPU.Build.0 = Release|Any CPU
		{C5A3EA2B-638E-4E4F-836E-360427304514}.Debug|Any CPU.ActiveCfg = Debug|Any CPU
		{C5A3EA2B-638E-4E4F-836E-360427304514}.Debug|Any CPU.Build.0 = Debug|Any CPU
		{C5A3EA2B-638E-4E4F-836E-360427304514}.Release|Any CPU.ActiveCfg = Release|Any CPU
		{C5A3EA2B-638E-4E4F-836E-360427304514}.Release|Any CPU.Build.0 = Release|Any CPU
		{4B0D0220-9FA9-414C-A82C-2921BF8A6E88}.Debug|Any CPU.ActiveCfg = Debug|Any CPU
		{4B0D0220-9FA9-414C-A82C-2921BF8A6E88}.Debug|Any CPU.Build.0 = Debug|Any CPU
		{4B0D0220-9FA9-414C-A82C-2921BF8A6E88}.Release|Any CPU.ActiveCfg = Release|Any CPU
		{4B0D0220-9FA9-414C-A82C-2921BF8A6E88}.Release|Any CPU.Build.0 = Release|Any CPU
		{156A7059-C7F6-4B6D-B4CB-B97A44261ECE}.Debug|Any CPU.ActiveCfg = Debug|Any CPU
		{156A7059-C7F6-4B6D-B4CB-B97A44261ECE}.Debug|Any CPU.Build.0 = Debug|Any CPU
		{156A7059-C7F6-4B6D-B4CB-B97A44261ECE}.Release|Any CPU.ActiveCfg = Release|Any CPU
		{156A7059-C7F6-4B6D-B4CB-B97A44261ECE}.Release|Any CPU.Build.0 = Release|Any CPU
	EndGlobalSection
	GlobalSection(SolutionProperties) = preSolution
		HideSolutionNode = FALSE
	EndGlobalSection
	GlobalSection(ExtensibilityGlobals) = postSolution
		SolutionGuid = {911C95E8-C1FA-4CC1-9F8D-0D917191F0CE}
	EndGlobalSection
EndGlobal
