
Microsoft Visual Studio Solution File, Format Version 12.00
# Visual Studio Version 17
VisualStudioVersion = 17.14.37203.1
MinimumVisualStudioVersion = 10.0.40219.1
Project("{FAE04EC0-301F-11D3-BF4B-00C04F79EFBC}") = "01.CounterStrike", "01.CounterStrike\01.CounterStrike.csproj", "{1FC3AD7A-67D3-4275-B5C5-427AA7818D47}"
EndProject
Project("{FAE04EC0-301F-11D3-BF4B-00C04F79EFBC}") = "02.ShootForTheWin", "02.ShootForTheWin\02.ShootForTheWin.csproj", "{56CD2AA5-3786-422C-9546-6851C7254169}"
EndProject
Project("{FAE04EC0-301F-11D3-BF4B-00C04F79EFBC}") = "03.MovingTarget", "03.MovingTarget\03.MovingTarget.csproj", "{C974BDD4-E7C2-44ED-BCA9-3569234CA71E}"
EndProject
Project("{FAE04EC0-301F-11D3-BF4B-00C04F79EFBC}") = "01.CounterStrike.v2", "01.CounterStrike.v2\01.CounterStrike.v2.csproj", "{456C30F1-AABE-4D08-AE56-8A2C6F297C24}"
EndProject
Project("{FAE04EC0-301F-11D3-BF4B-00C04F79EFBC}") = "02.ShootForTheWin.v2", "02.ShootForTheWin.v2\02.ShootForTheWin.v2.csproj", "{1195AA5B-E0A5-4A04-8957-11E4A4E906F1}"
EndProject
Project("{FAE04EC0-301F-11D3-BF4B-00C04F79EFBC}") = "03.MovingTarget.v2", "03.MovingTarget.v2\03.MovingTarget.v2.csproj", "{A4234361-34E9-4944-A324-6F0123A075C6}"
EndProject
Global
	GlobalSection(SolutionConfigurationPlatforms) = preSolution
		Debug|Any CPU = Debug|Any CPU
		Release|Any CPU = Release|Any CPU
	EndGlobalSection
	GlobalSection(ProjectConfigurationPlatforms) = postSolution
		{1FC3AD7A-67D3-4275-B5C5-427AA7818D47}.Debug|Any CPU.ActiveCfg = Debug|Any CPU
		{1FC3AD7A-67D3-4275-B5C5-427AA7818D47}.Debug|Any CPU.Build.0 = Debug|Any CPU
		{1FC3AD7A-67D3-4275-B5C5-427AA7818D47}.Release|Any CPU.ActiveCfg = Release|Any CPU
		{1FC3AD7A-67D3-4275-B5C5-427AA7818D47}.Release|Any CPU.Build.0 = Release|Any CPU
		{56CD2AA5-3786-422C-9546-6851C7254169}.Debug|Any CPU.ActiveCfg = Debug|Any CPU
		{56CD2AA5-3786-422C-9546-6851C7254169}.Debug|Any CPU.Build.0 = Debug|Any CPU
		{56CD2AA5-3786-422C-9546-6851C7254169}.Release|Any CPU.ActiveCfg = Release|Any CPU
		{56CD2AA5-3786-422C-9546-6851C7254169}.Release|Any CPU.Build.0 = Release|Any CPU
		{C974BDD4-E7C2-44ED-BCA9-3569234CA71E}.Debug|Any CPU.ActiveCfg = Debug|Any CPU
		{C974BDD4-E7C2-44ED-BCA9-3569234CA71E}.Debug|Any CPU.Build.0 = Debug|Any CPU
		{C974BDD4-E7C2-44ED-BCA9-3569234CA71E}.Release|Any CPU.ActiveCfg = Release|Any CPU
		{C974BDD4-E7C2-44ED-BCA9-3569234CA71E}.Release|Any CPU.Build.0 = Release|Any CPU
		{456C30F1-AABE-4D08-AE56-8A2C6F297C24}.Debug|Any CPU.ActiveCfg = Debug|Any CPU
		{456C30F1-AABE-4D08-AE56-8A2C6F297C24}.Debug|Any CPU.Build.0 = Debug|Any CPU
		{456C30F1-AABE-4D08-AE56-8A2C6F297C24}.Release|Any CPU.ActiveCfg = Release|Any CPU
		{456C30F1-AABE-4D08-AE56-8A2C6F297C24}.Release|Any CPU.Build.0 = Release|Any CPU
		{1195AA5B-E0A5-4A04-8957-11E4A4E906F1}.Debug|Any CPU.ActiveCfg = Debug|Any CPU
		{1195AA5B-E0A5-4A04-8957-11E4A4E906F1}.Debug|Any CPU.Build.0 = Debug|Any CPU
		{1195AA5B-E0A5-4A04-8957-11E4A4E906F1}.Release|Any CPU.ActiveCfg = Release|Any CPU
		{1195AA5B-E0A5-4A04-8957-11E4A4E906F1}.Release|Any CPU.Build.0 = Release|Any CPU
		{A4234361-34E9-4944-A324-6F0123A075C6}.Debug|Any CPU.ActiveCfg = Debug|Any CPU
		{A4234361-34E9-4944-A324-6F0123A075C6}.Debug|Any CPU.Build.0 = Debug|Any CPU
		{A4234361-34E9-4944-A324-6F0123A075C6}.Release|Any CPU.ActiveCfg = Release|Any CPU
		{A4234361-34E9-4944-A324-6F0123A075C6}.Release|Any CPU.Build.0 = Release|Any CPU
	EndGlobalSection
	GlobalSection(SolutionProperties) = preSolution
		HideSolutionNode = FALSE
	EndGlobalSection
	GlobalSection(ExtensibilityGlobals) = postSolution
		SolutionGuid = {4BE078FC-0F92-46C4-A2FE-423D5F3B6625}
	EndGlobalSection
EndGlobal
