
Microsoft Visual Studio Solution File, Format Version 12.00
# Visual Studio Version 17
VisualStudioVersion = 17.14.37216.2
MinimumVisualStudioVersion = 10.0.40219.1
Project("{FAE04EC0-301F-11D3-BF4B-00C04F79EFBC}") = "01.TheImitationGame", "01.TheImitationGame\01.TheImitationGame.csproj", "{E430FEE6-A91B-4215-9828-81D93AEBE074}"
EndProject
Project("{FAE04EC0-301F-11D3-BF4B-00C04F79EFBC}") = "02.DestinationMapper", "02.DestinationMapper\02.DestinationMapper.csproj", "{6CB1BFEA-905E-40BD-AC61-B85ABC16AD28}"
EndProject
Project("{FAE04EC0-301F-11D3-BF4B-00C04F79EFBC}") = "03.NeedForSpeedIII", "03.NeedForSpeedIII\03.NeedForSpeedIII.csproj", "{0DA7B58C-0241-410D-915E-48356BA6E3F0}"
EndProject
Global
	GlobalSection(SolutionConfigurationPlatforms) = preSolution
		Debug|Any CPU = Debug|Any CPU
		Release|Any CPU = Release|Any CPU
	EndGlobalSection
	GlobalSection(ProjectConfigurationPlatforms) = postSolution
		{E430FEE6-A91B-4215-9828-81D93AEBE074}.Debug|Any CPU.ActiveCfg = Debug|Any CPU
		{E430FEE6-A91B-4215-9828-81D93AEBE074}.Debug|Any CPU.Build.0 = Debug|Any CPU
		{E430FEE6-A91B-4215-9828-81D93AEBE074}.Release|Any CPU.ActiveCfg = Release|Any CPU
		{E430FEE6-A91B-4215-9828-81D93AEBE074}.Release|Any CPU.Build.0 = Release|Any CPU
		{6CB1BFEA-905E-40BD-AC61-B85ABC16AD28}.Debug|Any CPU.ActiveCfg = Debug|Any CPU
		{6CB1BFEA-905E-40BD-AC61-B85ABC16AD28}.Debug|Any CPU.Build.0 = Debug|Any CPU
		{6CB1BFEA-905E-40BD-AC61-B85ABC16AD28}.Release|Any CPU.ActiveCfg = Release|Any CPU
		{6CB1BFEA-905E-40BD-AC61-B85ABC16AD28}.Release|Any CPU.Build.0 = Release|Any CPU
		{0DA7B58C-0241-410D-915E-48356BA6E3F0}.Debug|Any CPU.ActiveCfg = Debug|Any CPU
		{0DA7B58C-0241-410D-915E-48356BA6E3F0}.Debug|Any CPU.Build.0 = Debug|Any CPU
		{0DA7B58C-0241-410D-915E-48356BA6E3F0}.Release|Any CPU.ActiveCfg = Release|Any CPU
		{0DA7B58C-0241-410D-915E-48356BA6E3F0}.Release|Any CPU.Build.0 = Release|Any CPU
	EndGlobalSection
	GlobalSection(SolutionProperties) = preSolution
		HideSolutionNode = FALSE
	EndGlobalSection
	GlobalSection(ExtensibilityGlobals) = postSolution
		SolutionGuid = {EC3F6989-4E58-4509-B218-365A0E08CC8A}
	EndGlobalSection
EndGlobal
